
Microsoft Visual Studio Solution File, Format Version 11.00
# Visual Studio 2010
Project("{8BC9CEB8-8B4A-11D0-8D11-00A0C91BC942}") = "smallest 4 into", "smallest 4 into\smallest 4 into.vcxproj", "{D052C610-2232-46FE-9B00-56D21357BE87}"
EndProject
Global
	GlobalSection(SolutionConfigurationPlatforms) = preSolution
		Debug|Win32 = Debug|Win32
		Release|Win32 = Release|Win32
	EndGlobalSection
	GlobalSection(ProjectConfigurationPlatforms) = postSolution
		{D052C610-2232-46FE-9B00-56D21357BE87}.Debug|Win32.ActiveCfg = Debug|Win32
		{D052C610-2232-46FE-9B00-56D21357BE87}.Debug|Win32.Build.0 = Debug|Win32
		{D052C610-2232-46FE-9B00-56D21357BE87}.Release|Win32.ActiveCfg = Release|Win32
		{D052C610-2232-46FE-9B00-56D21357BE87}.Release|Win32.Build.0 = Release|Win32
	EndGlobalSection
	GlobalSection(SolutionProperties) = preSolution
		HideSolutionNode = FALSE
	EndGlobalSection
EndGlobal
