
Microsoft Visual Studio Solution File, Format Version 11.00
# Visual Studio 2010
Project("{8BC9CEB8-8B4A-11D0-8D11-00A0C91BC942}") = "Temperature", "Temperature\Temperature.vcxproj", "{FF25B40F-5E9B-493F-9502-F0D95BD1E3F9}"
EndProject
Global
	GlobalSection(SolutionConfigurationPlatforms) = preSolution
		Debug|Win32 = Debug|Win32
		Release|Win32 = Release|Win32
	EndGlobalSection
	GlobalSection(ProjectConfigurationPlatforms) = postSolution
		{FF25B40F-5E9B-493F-9502-F0D95BD1E3F9}.Debug|Win32.ActiveCfg = Debug|Win32
		{FF25B40F-5E9B-493F-9502-F0D95BD1E3F9}.Debug|Win32.Build.0 = Debug|Win32
		{FF25B40F-5E9B-493F-9502-F0D95BD1E3F9}.Release|Win32.ActiveCfg = Release|Win32
		{FF25B40F-5E9B-493F-9502-F0D95BD1E3F9}.Release|Win32.Build.0 = Release|Win32
	EndGlobalSection
	GlobalSection(SolutionProperties) = preSolution
		HideSolutionNode = FALSE
	EndGlobalSection
EndGlobal
