
Microsoft Visual Studio Solution File, Format Version 11.00
# Visual Studio 2010
Project("{8BC9CEB8-8B4A-11D0-8D11-00A0C91BC942}") = "input string and display no screen", "input string and display no screen\input string and display no screen.vcxproj", "{F1000D80-08FE-4FFD-9739-B46158D6AAAA}"
EndProject
Global
	GlobalSection(SolutionConfigurationPlatforms) = preSolution
		Debug|Win32 = Debug|Win32
		Release|Win32 = Release|Win32
	EndGlobalSection
	GlobalSection(ProjectConfigurationPlatforms) = postSolution
		{F1000D80-08FE-4FFD-9739-B46158D6AAAA}.Debug|Win32.ActiveCfg = Debug|Win32
		{F1000D80-08FE-4FFD-9739-B46158D6AAAA}.Debug|Win32.Build.0 = Debug|Win32
		{F1000D80-08FE-4FFD-9739-B46158D6AAAA}.Release|Win32.ActiveCfg = Release|Win32
		{F1000D80-08FE-4FFD-9739-B46158D6AAAA}.Release|Win32.Build.0 = Release|Win32
	EndGlobalSection
	GlobalSection(SolutionProperties) = preSolution
		HideSolutionNode = FALSE
	EndGlobalSection
EndGlobal
