
Microsoft Visual Studio Solution File, Format Version 11.00
# Visual Studio 2010
Project("{8BC9CEB8-8B4A-11D0-8D11-00A0C91BC942}") = "do three", "do three\do three.vcxproj", "{0E43E53F-5D87-4F5E-A525-8DD632A4273B}"
EndProject
Global
	GlobalSection(SolutionConfigurationPlatforms) = preSolution
		Debug|Win32 = Debug|Win32
		Release|Win32 = Release|Win32
	EndGlobalSection
	GlobalSection(ProjectConfigurationPlatforms) = postSolution
		{0E43E53F-5D87-4F5E-A525-8DD632A4273B}.Debug|Win32.ActiveCfg = Debug|Win32
		{0E43E53F-5D87-4F5E-A525-8DD632A4273B}.Debug|Win32.Build.0 = Debug|Win32
		{0E43E53F-5D87-4F5E-A525-8DD632A4273B}.Release|Win32.ActiveCfg = Release|Win32
		{0E43E53F-5D87-4F5E-A525-8DD632A4273B}.Release|Win32.Build.0 = Release|Win32
	EndGlobalSection
	GlobalSection(SolutionProperties) = preSolution
		HideSolutionNode = FALSE
	EndGlobalSection
EndGlobal
