
Microsoft Visual Studio Solution File, Format Version 11.00
# Visual Studio 2010
Project("{8BC9CEB8-8B4A-11D0-8D11-00A0C91BC942}") = "Nested If Greatest", "Nested If Greatest\Nested If Greatest.vcxproj", "{615B3EC4-9201-44BC-A3BD-4A017153BADE}"
EndProject
Global
	GlobalSection(SolutionConfigurationPlatforms) = preSolution
		Debug|Win32 = Debug|Win32
		Release|Win32 = Release|Win32
	EndGlobalSection
	GlobalSection(ProjectConfigurationPlatforms) = postSolution
		{615B3EC4-9201-44BC-A3BD-4A017153BADE}.Debug|Win32.ActiveCfg = Debug|Win32
		{615B3EC4-9201-44BC-A3BD-4A017153BADE}.Debug|Win32.Build.0 = Debug|Win32
		{615B3EC4-9201-44BC-A3BD-4A017153BADE}.Release|Win32.ActiveCfg = Release|Win32
		{615B3EC4-9201-44BC-A3BD-4A017153BADE}.Release|Win32.Build.0 = Release|Win32
	EndGlobalSection
	GlobalSection(SolutionProperties) = preSolution
		HideSolutionNode = FALSE
	EndGlobalSection
EndGlobal
