
Microsoft Visual Studio Solution File, Format Version 11.00
# Visual Studio 2010
Project("{8BC9CEB8-8B4A-11D0-8D11-00A0C91BC942}") = "SmallestNum4", "SmallestNum4\SmallestNum4.vcxproj", "{1BE3DD36-6376-41B8-A09D-357DD7BCEBD6}"
EndProject
Global
	GlobalSection(SolutionConfigurationPlatforms) = preSolution
		Debug|Win32 = Debug|Win32
		Release|Win32 = Release|Win32
	EndGlobalSection
	GlobalSection(ProjectConfigurationPlatforms) = postSolution
		{1BE3DD36-6376-41B8-A09D-357DD7BCEBD6}.Debug|Win32.ActiveCfg = Debug|Win32
		{1BE3DD36-6376-41B8-A09D-357DD7BCEBD6}.Debug|Win32.Build.0 = Debug|Win32
		{1BE3DD36-6376-41B8-A09D-357DD7BCEBD6}.Release|Win32.ActiveCfg = Release|Win32
		{1BE3DD36-6376-41B8-A09D-357DD7BCEBD6}.Release|Win32.Build.0 = Release|Win32
	EndGlobalSection
	GlobalSection(SolutionProperties) = preSolution
		HideSolutionNode = FALSE
	EndGlobalSection
EndGlobal
