
Microsoft Visual Studio Solution File, Format Version 11.00
# Visual Studio 2010
Project("{8BC9CEB8-8B4A-11D0-8D11-00A0C91BC942}") = "SmallestNum", "SmallestNum\SmallestNum.vcxproj", "{3E6C2635-B092-4FFB-A894-B467B80C50AB}"
EndProject
Global
	GlobalSection(SolutionConfigurationPlatforms) = preSolution
		Debug|Win32 = Debug|Win32
		Release|Win32 = Release|Win32
	EndGlobalSection
	GlobalSection(ProjectConfigurationPlatforms) = postSolution
		{3E6C2635-B092-4FFB-A894-B467B80C50AB}.Debug|Win32.ActiveCfg = Debug|Win32
		{3E6C2635-B092-4FFB-A894-B467B80C50AB}.Debug|Win32.Build.0 = Debug|Win32
		{3E6C2635-B092-4FFB-A894-B467B80C50AB}.Release|Win32.ActiveCfg = Release|Win32
		{3E6C2635-B092-4FFB-A894-B467B80C50AB}.Release|Win32.Build.0 = Release|Win32
	EndGlobalSection
	GlobalSection(SolutionProperties) = preSolution
		HideSolutionNode = FALSE
	EndGlobalSection
EndGlobal
